
Microsoft Visual Studio Solution File, Format Version 12.00
# Visual Studio Version 17
VisualStudioVersion = 16.0.30523.141
MinimumVisualStudioVersion = 10.0.40219.1
Project("{FAE04EC0-301F-11D3-BF4B-00C04F79EFBC}") = "UciProxy", "UciProxy\UciProxy.csproj", "{F96386E1-A75A-4A21-A34F-D1961608371D}"
EndProject
Global
	GlobalSection(SolutionConfigurationPlatforms) = preSolution
		Debug|Any CPU = Debug|Any CPU
		Release|Any CPU = Release|Any CPU
	EndGlobalSection
	GlobalSection(ProjectConfigurationPlatforms) = postSolution
		{F96386E1-A75A-4A21-A34F-D1961608371D}.Debug|Any CPU.ActiveCfg = Debug|Any CPU
		{F96386E1-A75A-4A21-A34F-D1961608371D}.Debug|Any CPU.Build.0 = Debug|Any CPU
		{F96386E1-A75A-4A21-A34F-D1961608371D}.Release|Any CPU.ActiveCfg = Release|Any CPU
		{F96386E1-A75A-4A21-A34F-D1961608371D}.Release|Any CPU.Build.0 = Release|Any CPU
	EndGlobalSection
	GlobalSection(SolutionProperties) = preSolution
		HideSolutionNode = FALSE
	EndGlobalSection
	GlobalSection(ExtensibilityGlobals) = postSolution
		SolutionGuid = {CFDECE0D-1A5D-457C-A36C-73807C4C5C72}
	EndGlobalSection
EndGlobal
